
Microsoft Visual Studio Solution File, Format Version 12.00
# Visual Studio Version 16
VisualStudioVersion = 16.0.29102.190
MinimumVisualStudioVersion = 10.0.40219.1
Project("{FAE04EC0-301F-11D3-BF4B-00C04F79EFBC}") = "iacobeduard", "iacobeduard\iacobeduard.csproj", "{326386F5-EDAE-4C2B-AAFC-2BC183062356}"
EndProject
Global
	GlobalSection(SolutionConfigurationPlatforms) = preSolution
		Debug|Any CPU = Debug|Any CPU
		Release|Any CPU = Release|Any CPU
	EndGlobalSection
	GlobalSection(ProjectConfigurationPlatforms) = postSolution
		{326386F5-EDAE-4C2B-AAFC-2BC183062356}.Debug|Any CPU.ActiveCfg = Debug|Any CPU
		{326386F5-EDAE-4C2B-AAFC-2BC183062356}.Debug|Any CPU.Build.0 = Debug|Any CPU
		{326386F5-EDAE-4C2B-AAFC-2BC183062356}.Release|Any CPU.ActiveCfg = Release|Any CPU
		{326386F5-EDAE-4C2B-AAFC-2BC183062356}.Release|Any CPU.Build.0 = Release|Any CPU
	EndGlobalSection
	GlobalSection(SolutionProperties) = preSolution
		HideSolutionNode = FALSE
	EndGlobalSection
	GlobalSection(ExtensibilityGlobals) = postSolution
		SolutionGuid = {BFD1F88A-A181-4311-8149-EA69C7AA8F6E}
	EndGlobalSection
EndGlobal
