
Microsoft Visual Studio Solution File, Format Version 12.00
# Visual Studio Version 16
VisualStudioVersion = 16.0.29806.167
MinimumVisualStudioVersion = 10.0.40219.1
Project("{FAE04EC0-301F-11D3-BF4B-00C04F79EFBC}") = "Mansion", "Mansion.csproj", "{8CB0BF0E-AE8F-44F3-B8AD-E4EBCE232B0C}"
EndProject
Global
	GlobalSection(SolutionConfigurationPlatforms) = preSolution
		Debug|Any CPU = Debug|Any CPU
		Release|Any CPU = Release|Any CPU
	EndGlobalSection
	GlobalSection(ProjectConfigurationPlatforms) = postSolution
		{8CB0BF0E-AE8F-44F3-B8AD-E4EBCE232B0C}.Debug|Any CPU.ActiveCfg = Debug|Any CPU
		{8CB0BF0E-AE8F-44F3-B8AD-E4EBCE232B0C}.Debug|Any CPU.Build.0 = Debug|Any CPU
		{8CB0BF0E-AE8F-44F3-B8AD-E4EBCE232B0C}.Release|Any CPU.ActiveCfg = Release|Any CPU
		{8CB0BF0E-AE8F-44F3-B8AD-E4EBCE232B0C}.Release|Any CPU.Build.0 = Release|Any CPU
	EndGlobalSection
	GlobalSection(SolutionProperties) = preSolution
		HideSolutionNode = FALSE
	EndGlobalSection
	GlobalSection(ExtensibilityGlobals) = postSolution
		SolutionGuid = {5B52CADF-A6DE-4113-9C07-61251DB160B3}
	EndGlobalSection
EndGlobal
